// !$*UTF8*$!
{
	archiveVersion = 1;
	classes = {
	};
	objectVersion = 46;
	objects = {

/* Begin PBXBuildFile section */
		0E8AF3C6E4587285C30CF6CF /* libPods-iHouse.a in Frameworks */ = {isa = PBXBuildFile; fileRef = EA977AB4C211406A9291E4B4 /* libPods-iHouse.a */; };
		940FB2591C8D836E0059755B /* PostPhoneLoginModel.swift in Sources */ = {isa = PBXBuildFile; fileRef = 940FB2581C8D836E0059755B /* PostPhoneLoginModel.swift */; };
		9451D2FC1C8831D000845D99 /* main.m in Sources */ = {isa = PBXBuildFile; fileRef = 9451D2FB1C8831D000845D99 /* main.m */; };
		9451D2FF1C8831D000845D99 /* AppDelegate.m in Sources */ = {isa = PBXBuildFile; fileRef = 9451D2FE1C8831D000845D99 /* AppDelegate.m */; };
		9451D3021C8831D000845D99 /* ViewController.m in Sources */ = {isa = PBXBuildFile; fileRef = 9451D3011C8831D000845D99 /* ViewController.m */; };
		9451D3051C8831D100845D99 /* Main.storyboard in Resources */ = {isa = PBXBuildFile; fileRef = 9451D3031C8831D100845D99 /* Main.storyboard */; };
		9451D3081C8831D100845D99 /* iHouse.xcdatamodeld in Sources */ = {isa = PBXBuildFile; fileRef = 9451D3061C8831D100845D99 /* iHouse.xcdatamodeld */; };
		9451D30A1C8831D100845D99 /* Assets.xcassets in Resources */ = {isa = PBXBuildFile; fileRef = 9451D3091C8831D100845D99 /* Assets.xcassets */; };
		9451D30D1C8831D100845D99 /* LaunchScreen.storyboard in Resources */ = {isa = PBXBuildFile; fileRef = 9451D30B1C8831D100845D99 /* LaunchScreen.storyboard */; };
		9451D3181C8831D100845D99 /* iHouseTests.m in Sources */ = {isa = PBXBuildFile; fileRef = 9451D3171C8831D100845D99 /* iHouseTests.m */; };
		9451D3231C8831D200845D99 /* iHouseUITests.m in Sources */ = {isa = PBXBuildFile; fileRef = 9451D3221C8831D200845D99 /* iHouseUITests.m */; };
		9451D3331C88331600845D99 /* Test.swift in Sources */ = {isa = PBXBuildFile; fileRef = 9451D3321C88331600845D99 /* Test.swift */; };
		9451D3361C88333700845D99 /* User.m in Sources */ = {isa = PBXBuildFile; fileRef = 9451D3351C88333700845D99 /* User.m */; };
		9451D34F1C88334400845D99 /* BaseVC.m in Sources */ = {isa = PBXBuildFile; fileRef = 9451D3391C88334400845D99 /* BaseVC.m */; };
		9451D3501C88334400845D99 /* BaseVC.xib in Resources */ = {isa = PBXBuildFile; fileRef = 9451D33A1C88334400845D99 /* BaseVC.xib */; };
		9451D3511C88334400845D99 /* GreenPlantsVC.m in Sources */ = {isa = PBXBuildFile; fileRef = 9451D33D1C88334400845D99 /* GreenPlantsVC.m */; };
		9451D3521C88334400845D99 /* GreenPlantsVC.xib in Resources */ = {isa = PBXBuildFile; fileRef = 9451D33E1C88334400845D99 /* GreenPlantsVC.xib */; };
		9451D3531C88334400845D99 /* HomeVC.m in Sources */ = {isa = PBXBuildFile; fileRef = 9451D3411C88334400845D99 /* HomeVC.m */; };
		9451D3541C88334400845D99 /* HomeVC.xib in Resources */ = {isa = PBXBuildFile; fileRef = 9451D3421C88334400845D99 /* HomeVC.xib */; };
		9451D3551C88334400845D99 /* PaymentOfLifeVC.m in Sources */ = {isa = PBXBuildFile; fileRef = 9451D3461C88334400845D99 /* PaymentOfLifeVC.m */; };
		9451D3561C88334400845D99 /* PaymentOfLifeVC.xib in Resources */ = {isa = PBXBuildFile; fileRef = 9451D3471C88334400845D99 /* PaymentOfLifeVC.xib */; };
		9451D3571C88334400845D99 /* RootTabBar.m in Sources */ = {isa = PBXBuildFile; fileRef = 9451D34A1C88334400845D99 /* RootTabBar.m */; };
		9451D3581C88334400845D99 /* SettingVC.m in Sources */ = {isa = PBXBuildFile; fileRef = 9451D34D1C88334400845D99 /* SettingVC.m */; };
		9451D3591C88334400845D99 /* SettingVC.xib in Resources */ = {isa = PBXBuildFile; fileRef = 9451D34E1C88334400845D99 /* SettingVC.xib */; };
		9451D3641C88335E00845D99 /* DataBaseManager.m in Sources */ = {isa = PBXBuildFile; fileRef = 9451D3621C88335E00845D99 /* DataBaseManager.m */; };
		9451D3681C88342900845D99 /* StringManager.m in Sources */ = {isa = PBXBuildFile; fileRef = 9451D3671C88342900845D99 /* StringManager.m */; };
		945B1D921C8ECD6B00AE5791 /* Utils_Info.swift in Sources */ = {isa = PBXBuildFile; fileRef = 945B1D911C8ECD6B00AE5791 /* Utils_Info.swift */; };
		94667DC21C8C1C0300D6E2B7 /* StringManager.swift in Sources */ = {isa = PBXBuildFile; fileRef = 94667DC11C8C1C0300D6E2B7 /* StringManager.swift */; };
		946C0FFC1C89229800431AD7 /* CloudBL.m in Sources */ = {isa = PBXBuildFile; fileRef = 946C0FFB1C89229800431AD7 /* CloudBL.m */; };
		946C0FFF1C8922BA00431AD7 /* CloudDao.m in Sources */ = {isa = PBXBuildFile; fileRef = 946C0FFE1C8922BA00431AD7 /* CloudDao.m */; };
		946C10031C8935A900431AD7 /* AppNetAPIClient.m in Sources */ = {isa = PBXBuildFile; fileRef = 946C10021C8935A900431AD7 /* AppNetAPIClient.m */; };
		946C10061C893C4800431AD7 /* iHouse_APILib.m in Sources */ = {isa = PBXBuildFile; fileRef = 946C10051C893C4800431AD7 /* iHouse_APILib.m */; };
		946C10091C89523400431AD7 /* HeadInfo.m in Sources */ = {isa = PBXBuildFile; fileRef = 946C10081C89523400431AD7 /* HeadInfo.m */; };
		946C10181C8952A300431AD7 /* DBHelper.m in Sources */ = {isa = PBXBuildFile; fileRef = 946C100C1C8952A300431AD7 /* DBHelper.m */; };
		946C10191C8952A300431AD7 /* Utils_AppInfo.m in Sources */ = {isa = PBXBuildFile; fileRef = 946C100E1C8952A300431AD7 /* Utils_AppInfo.m */; };
		946C101A1C8952A300431AD7 /* Utils_DateInfo.m in Sources */ = {isa = PBXBuildFile; fileRef = 946C10101C8952A300431AD7 /* Utils_DateInfo.m */; };
		946C101B1C8952A300431AD7 /* Utils_DeviceInfo.m in Sources */ = {isa = PBXBuildFile; fileRef = 946C10121C8952A300431AD7 /* Utils_DeviceInfo.m */; };
		946C101C1C8952A300431AD7 /* Utils_Other.m in Sources */ = {isa = PBXBuildFile; fileRef = 946C10151C8952A300431AD7 /* Utils_Other.m */; };
		946C101D1C8952A300431AD7 /* Utils_UserDefaultInfo.m in Sources */ = {isa = PBXBuildFile; fileRef = 946C10171C8952A300431AD7 /* Utils_UserDefaultInfo.m */; };
		946C10211C89563900431AD7 /* Command.m in Sources */ = {isa = PBXBuildFile; fileRef = 946C10201C89563900431AD7 /* Command.m */; };
		946C10231C895D1D00431AD7 /* PostRefreshTokenModel.swift in Sources */ = {isa = PBXBuildFile; fileRef = 946C10221C895D1D00431AD7 /* PostRefreshTokenModel.swift */; };
		946C10251C89683500431AD7 /* RefreshTokenModel.swift in Sources */ = {isa = PBXBuildFile; fileRef = 946C10241C89683500431AD7 /* RefreshTokenModel.swift */; };
		946C10271C89687600431AD7 /* Token.swift in Sources */ = {isa = PBXBuildFile; fileRef = 946C10261C89687600431AD7 /* Token.swift */; };
		947B4C2A1C8E7EEA0013A6A5 /* PhoneLoginModel.swift in Sources */ = {isa = PBXBuildFile; fileRef = 947B4C291C8E7EEA0013A6A5 /* PhoneLoginModel.swift */; };
/* End PBXBuildFile section */

/* Begin PBXContainerItemProxy section */
		9451D3141C8831D100845D99 /* PBXContainerItemProxy */ = {
			isa = PBXContainerItemProxy;
			containerPortal = 9451D2EF1C8831D000845D99 /* Project object */;
			proxyType = 1;
			remoteGlobalIDString = 9451D2F61C8831D000845D99;
			remoteInfo = iHouse;
		};
		9451D31F1C8831D200845D99 /* PBXContainerItemProxy */ = {
			isa = PBXContainerItemProxy;
			containerPortal = 9451D2EF1C8831D000845D99 /* Project object */;
			proxyType = 1;
			remoteGlobalIDString = 9451D2F61C8831D000845D99;
			remoteInfo = iHouse;
		};
/* End PBXContainerItemProxy section */

/* Begin PBXFileReference section */
		06F3EE78A1137D4BE711E20C /* Pods-iHouse.debug.xcconfig */ = {isa = PBXFileReference; includeInIndex = 1; lastKnownFileType = text.xcconfig; name = "Pods-iHouse.debug.xcconfig"; path = "Pods/Target Support Files/Pods-iHouse/Pods-iHouse.debug.xcconfig"; sourceTree = "<group>"; };
		3855E77DDC71794E7CA49B1C /* Pods-iHouse.release.xcconfig */ = {isa = PBXFileReference; includeInIndex = 1; lastKnownFileType = text.xcconfig; name = "Pods-iHouse.release.xcconfig"; path = "Pods/Target Support Files/Pods-iHouse/Pods-iHouse.release.xcconfig"; sourceTree = "<group>"; };
		940FB2581C8D836E0059755B /* PostPhoneLoginModel.swift */ = {isa = PBXFileReference; fileEncoding = 4; lastKnownFileType = sourcecode.swift; path = PostPhoneLoginModel.swift; sourceTree = "<group>"; };
		9451D2F71C8831D000845D99 /* iHouse.app */ = {isa = PBXFileReference; explicitFileType = wrapper.application; includeInIndex = 0; path = iHouse.app; sourceTree = BUILT_PRODUCTS_DIR; };
		9451D2FB1C8831D000845D99 /* main.m */ = {isa = PBXFileReference; lastKnownFileType = sourcecode.c.objc; path = main.m; sourceTree = "<group>"; };
		9451D2FD1C8831D000845D99 /* AppDelegate.h */ = {isa = PBXFileReference; lastKnownFileType = sourcecode.c.h; path = AppDelegate.h; sourceTree = "<group>"; };
		9451D2FE1C8831D000845D99 /* AppDelegate.m */ = {isa = PBXFileReference; lastKnownFileType = sourcecode.c.objc; path = AppDelegate.m; sourceTree = "<group>"; };
		9451D3001C8831D000845D99 /* ViewController.h */ = {isa = PBXFileReference; lastKnownFileType = sourcecode.c.h; path = ViewController.h; sourceTree = "<group>"; };
		9451D3011C8831D000845D99 /* ViewController.m */ = {isa = PBXFileReference; lastKnownFileType = sourcecode.c.objc; path = ViewController.m; sourceTree = "<group>"; };
		9451D3041C8831D100845D99 /* Base */ = {isa = PBXFileReference; lastKnownFileType = file.storyboard; name = Base; path = Base.lproj/Main.storyboard; sourceTree = "<group>"; };
		9451D3071C8831D100845D99 /* iHouse.xcdatamodel */ = {isa = PBXFileReference; lastKnownFileType = wrapper.xcdatamodel; path = iHouse.xcdatamodel; sourceTree = "<group>"; };
		9451D3091C8831D100845D99 /* Assets.xcassets */ = {isa = PBXFileReference; lastKnownFileType = folder.assetcatalog; path = Assets.xcassets; sourceTree = "<group>"; };
		9451D30C1C8831D100845D99 /* Base */ = {isa = PBXFileReference; lastKnownFileType = file.storyboard; name = Base; path = Base.lproj/LaunchScreen.storyboard; sourceTree = "<group>"; };
		9451D30E1C8831D100845D99 /* Info.plist */ = {isa = PBXFileReference; lastKnownFileType = text.plist.xml; path = Info.plist; sourceTree = "<group>"; };
		9451D3131C8831D100845D99 /* iHouseTests.xctest */ = {isa = PBXFileReference; explicitFileType = wrapper.cfbundle; includeInIndex = 0; path = iHouseTests.xctest; sourceTree = BUILT_PRODUCTS_DIR; };
		9451D3171C8831D100845D99 /* iHouseTests.m */ = {isa = PBXFileReference; lastKnownFileType = sourcecode.c.objc; path = iHouseTests.m; sourceTree = "<group>"; };
		9451D3191C8831D100845D99 /* Info.plist */ = {isa = PBXFileReference; lastKnownFileType = text.plist.xml; path = Info.plist; sourceTree = "<group>"; };
		9451D31E1C8831D200845D99 /* iHouseUITests.xctest */ = {isa = PBXFileReference; explicitFileType = wrapper.cfbundle; includeInIndex = 0; path = iHouseUITests.xctest; sourceTree = BUILT_PRODUCTS_DIR; };
		9451D3221C8831D200845D99 /* iHouseUITests.m */ = {isa = PBXFileReference; lastKnownFileType = sourcecode.c.objc; path = iHouseUITests.m; sourceTree = "<group>"; };
		9451D3241C8831D200845D99 /* Info.plist */ = {isa = PBXFileReference; lastKnownFileType = text.plist.xml; path = Info.plist; sourceTree = "<group>"; };
		9451D3311C88331600845D99 /* iHouse-Bridging-Header.h */ = {isa = PBXFileReference; lastKnownFileType = sourcecode.c.h; path = "iHouse-Bridging-Header.h"; sourceTree = "<group>"; };
		9451D3321C88331600845D99 /* Test.swift */ = {isa = PBXFileReference; fileEncoding = 4; lastKnownFileType = sourcecode.swift; path = Test.swift; sourceTree = "<group>"; };
		9451D3341C88333700845D99 /* User.h */ = {isa = PBXFileReference; fileEncoding = 4; lastKnownFileType = sourcecode.c.h; path = User.h; sourceTree = "<group>"; };
		9451D3351C88333700845D99 /* User.m */ = {isa = PBXFileReference; fileEncoding = 4; lastKnownFileType = sourcecode.c.objc; path = User.m; sourceTree = "<group>"; };
		9451D3381C88334400845D99 /* BaseVC.h */ = {isa = PBXFileReference; fileEncoding = 4; lastKnownFileType = sourcecode.c.h; path = BaseVC.h; sourceTree = "<group>"; };
		9451D3391C88334400845D99 /* BaseVC.m */ = {isa = PBXFileReference; fileEncoding = 4; lastKnownFileType = sourcecode.c.objc; path = BaseVC.m; sourceTree = "<group>"; };
		9451D33A1C88334400845D99 /* BaseVC.xib */ = {isa = PBXFileReference; fileEncoding = 4; lastKnownFileType = file.xib; path = BaseVC.xib; sourceTree = "<group>"; };
		9451D33C1C88334400845D99 /* GreenPlantsVC.h */ = {isa = PBXFileReference; fileEncoding = 4; lastKnownFileType = sourcecode.c.h; path = GreenPlantsVC.h; sourceTree = "<group>"; };
		9451D33D1C88334400845D99 /* GreenPlantsVC.m */ = {isa = PBXFileReference; fileEncoding = 4; lastKnownFileType = sourcecode.c.objc; path = GreenPlantsVC.m; sourceTree = "<group>"; };
		9451D33E1C88334400845D99 /* GreenPlantsVC.xib */ = {isa = PBXFileReference; fileEncoding = 4; lastKnownFileType = file.xib; path = GreenPlantsVC.xib; sourceTree = "<group>"; };
		9451D3401C88334400845D99 /* HomeVC.h */ = {isa = PBXFileReference; fileEncoding = 4; lastKnownFileType = sourcecode.c.h; path = HomeVC.h; sourceTree = "<group>"; };
		9451D3411C88334400845D99 /* HomeVC.m */ = {isa = PBXFileReference; fileEncoding = 4; lastKnownFileType = sourcecode.c.objc; path = HomeVC.m; sourceTree = "<group>"; };
		9451D3421C88334400845D99 /* HomeVC.xib */ = {isa = PBXFileReference; fileEncoding = 4; lastKnownFileType = file.xib; path = HomeVC.xib; sourceTree = "<group>"; };
		9451D3451C88334400845D99 /* PaymentOfLifeVC.h */ = {isa = PBXFileReference; fileEncoding = 4; lastKnownFileType = sourcecode.c.h; path = PaymentOfLifeVC.h; sourceTree = "<group>"; };
		9451D3461C88334400845D99 /* PaymentOfLifeVC.m */ = {isa = PBXFileReference; fileEncoding = 4; lastKnownFileType = sourcecode.c.objc; path = PaymentOfLifeVC.m; sourceTree = "<group>"; };
		9451D3471C88334400845D99 /* PaymentOfLifeVC.xib */ = {isa = PBXFileReference; fileEncoding = 4; lastKnownFileType = file.xib; path = PaymentOfLifeVC.xib; sourceTree = "<group>"; };
		9451D3491C88334400845D99 /* RootTabBar.h */ = {isa = PBXFileReference; fileEncoding = 4; lastKnownFileType = sourcecode.c.h; path = RootTabBar.h; sourceTree = "<group>"; };
		9451D34A1C88334400845D99 /* RootTabBar.m */ = {isa = PBXFileReference; fileEncoding = 4; lastKnownFileType = sourcecode.c.objc; path = RootTabBar.m; sourceTree = "<group>"; };
		9451D34C1C88334400845D99 /* SettingVC.h */ = {isa = PBXFileReference; fileEncoding = 4; lastKnownFileType = sourcecode.c.h; path = SettingVC.h; sourceTree = "<group>"; };
		9451D34D1C88334400845D99 /* SettingVC.m */ = {isa = PBXFileReference; fileEncoding = 4; lastKnownFileType = sourcecode.c.objc; path = SettingVC.m; sourceTree = "<group>"; };
		9451D34E1C88334400845D99 /* SettingVC.xib */ = {isa = PBXFileReference; fileEncoding = 4; lastKnownFileType = file.xib; path = SettingVC.xib; sourceTree = "<group>"; };
		9451D3611C88335E00845D99 /* DataBaseManager.h */ = {isa = PBXFileReference; fileEncoding = 4; lastKnownFileType = sourcecode.c.h; path = DataBaseManager.h; sourceTree = "<group>"; };
		9451D3621C88335E00845D99 /* DataBaseManager.m */ = {isa = PBXFileReference; fileEncoding = 4; lastKnownFileType = sourcecode.c.objc; path = DataBaseManager.m; sourceTree = "<group>"; };
		9451D3651C8833A200845D99 /* Header.h */ = {isa = PBXFileReference; fileEncoding = 4; lastKnownFileType = sourcecode.c.h; path = Header.h; sourceTree = "<group>"; };
		9451D3661C88342900845D99 /* StringManager.h */ = {isa = PBXFileReference; fileEncoding = 4; lastKnownFileType = sourcecode.c.h; path = StringManager.h; sourceTree = "<group>"; };
		9451D3671C88342900845D99 /* StringManager.m */ = {isa = PBXFileReference; fileEncoding = 4; lastKnownFileType = sourcecode.c.objc; path = StringManager.m; sourceTree = "<group>"; };
		945B1D911C8ECD6B00AE5791 /* Utils_Info.swift */ = {isa = PBXFileReference; fileEncoding = 4; lastKnownFileType = sourcecode.swift; path = Utils_Info.swift; sourceTree = "<group>"; };
		94667DC11C8C1C0300D6E2B7 /* StringManager.swift */ = {isa = PBXFileReference; fileEncoding = 4; lastKnownFileType = sourcecode.swift; path = StringManager.swift; sourceTree = "<group>"; };
		946C0FFA1C89229800431AD7 /* CloudBL.h */ = {isa = PBXFileReference; fileEncoding = 4; lastKnownFileType = sourcecode.c.h; path = CloudBL.h; sourceTree = "<group>"; };
		946C0FFB1C89229800431AD7 /* CloudBL.m */ = {isa = PBXFileReference; fileEncoding = 4; lastKnownFileType = sourcecode.c.objc; path = CloudBL.m; sourceTree = "<group>"; };
		946C0FFD1C8922BA00431AD7 /* CloudDao.h */ = {isa = PBXFileReference; fileEncoding = 4; lastKnownFileType = sourcecode.c.h; path = CloudDao.h; sourceTree = "<group>"; };
		946C0FFE1C8922BA00431AD7 /* CloudDao.m */ = {isa = PBXFileReference; fileEncoding = 4; lastKnownFileType = sourcecode.c.objc; path = CloudDao.m; sourceTree = "<group>"; };
		946C10011C8935A900431AD7 /* AppNetAPIClient.h */ = {isa = PBXFileReference; fileEncoding = 4; lastKnownFileType = sourcecode.c.h; path = AppNetAPIClient.h; sourceTree = "<group>"; };
		946C10021C8935A900431AD7 /* AppNetAPIClient.m */ = {isa = PBXFileReference; fileEncoding = 4; lastKnownFileType = sourcecode.c.objc; path = AppNetAPIClient.m; sourceTree = "<group>"; };
		946C10041C893C4800431AD7 /* iHouse_APILib.h */ = {isa = PBXFileReference; fileEncoding = 4; lastKnownFileType = sourcecode.c.h; path = iHouse_APILib.h; sourceTree = "<group>"; };
		946C10051C893C4800431AD7 /* iHouse_APILib.m */ = {isa = PBXFileReference; fileEncoding = 4; lastKnownFileType = sourcecode.c.objc; path = iHouse_APILib.m; sourceTree = "<group>"; };
		946C10071C89523400431AD7 /* HeadInfo.h */ = {isa = PBXFileReference; fileEncoding = 4; lastKnownFileType = sourcecode.c.h; path = HeadInfo.h; sourceTree = "<group>"; };
		946C10081C89523400431AD7 /* HeadInfo.m */ = {isa = PBXFileReference; fileEncoding = 4; lastKnownFileType = sourcecode.c.objc; path = HeadInfo.m; sourceTree = "<group>"; };
		946C100B1C8952A300431AD7 /* DBHelper.h */ = {isa = PBXFileReference; fileEncoding = 4; lastKnownFileType = sourcecode.c.h; path = DBHelper.h; sourceTree = "<group>"; };
		946C100C1C8952A300431AD7 /* DBHelper.m */ = {isa = PBXFileReference; fileEncoding = 4; lastKnownFileType = sourcecode.c.objc; path = DBHelper.m; sourceTree = "<group>"; };
		946C100D1C8952A300431AD7 /* Utils_AppInfo.h */ = {isa = PBXFileReference; fileEncoding = 4; lastKnownFileType = sourcecode.c.h; path = Utils_AppInfo.h; sourceTree = "<group>"; };
		946C100E1C8952A300431AD7 /* Utils_AppInfo.m */ = {isa = PBXFileReference; fileEncoding = 4; lastKnownFileType = sourcecode.c.objc; path = Utils_AppInfo.m; sourceTree = "<group>"; };
		946C100F1C8952A300431AD7 /* Utils_DateInfo.h */ = {isa = PBXFileReference; fileEncoding = 4; lastKnownFileType = sourcecode.c.h; path = Utils_DateInfo.h; sourceTree = "<group>"; };
		946C10101C8952A300431AD7 /* Utils_DateInfo.m */ = {isa = PBXFileReference; fileEncoding = 4; lastKnownFileType = sourcecode.c.objc; path = Utils_DateInfo.m; sourceTree = "<group>"; };
		946C10111C8952A300431AD7 /* Utils_DeviceInfo.h */ = {isa = PBXFileReference; fileEncoding = 4; lastKnownFileType = sourcecode.c.h; path = Utils_DeviceInfo.h; sourceTree = "<group>"; };
		946C10121C8952A300431AD7 /* Utils_DeviceInfo.m */ = {isa = PBXFileReference; fileEncoding = 4; lastKnownFileType = sourcecode.c.objc; path = Utils_DeviceInfo.m; sourceTree = "<group>"; };
		946C10131C8952A300431AD7 /* Utils_Header.h */ = {isa = PBXFileReference; fileEncoding = 4; lastKnownFileType = sourcecode.c.h; path = Utils_Header.h; sourceTree = "<group>"; };
		946C10141C8952A300431AD7 /* Utils_Other.h */ = {isa = PBXFileReference; fileEncoding = 4; lastKnownFileType = sourcecode.c.h; path = Utils_Other.h; sourceTree = "<group>"; };
		946C10151C8952A300431AD7 /* Utils_Other.m */ = {isa = PBXFileReference; fileEncoding = 4; lastKnownFileType = sourcecode.c.objc; path = Utils_Other.m; sourceTree = "<group>"; };
		946C10161C8952A300431AD7 /* Utils_UserDefaultInfo.h */ = {isa = PBXFileReference; fileEncoding = 4; lastKnownFileType = sourcecode.c.h; path = Utils_UserDefaultInfo.h; sourceTree = "<group>"; };
		946C10171C8952A300431AD7 /* Utils_UserDefaultInfo.m */ = {isa = PBXFileReference; fileEncoding = 4; lastKnownFileType = sourcecode.c.objc; path = Utils_UserDefaultInfo.m; sourceTree = "<group>"; };
		946C101E1C8955CD00431AD7 /* iHouse_URL.h */ = {isa = PBXFileReference; fileEncoding = 4; lastKnownFileType = sourcecode.c.h; path = iHouse_URL.h; sourceTree = "<group>"; };
		946C101F1C89563900431AD7 /* Command.h */ = {isa = PBXFileReference; fileEncoding = 4; lastKnownFileType = sourcecode.c.h; path = Command.h; sourceTree = "<group>"; };
		946C10201C89563900431AD7 /* Command.m */ = {isa = PBXFileReference; fileEncoding = 4; lastKnownFileType = sourcecode.c.objc; path = Command.m; sourceTree = "<group>"; };
		946C10221C895D1D00431AD7 /* PostRefreshTokenModel.swift */ = {isa = PBXFileReference; fileEncoding = 4; lastKnownFileType = sourcecode.swift; path = PostRefreshTokenModel.swift; sourceTree = "<group>"; };
		946C10241C89683500431AD7 /* RefreshTokenModel.swift */ = {isa = PBXFileReference; fileEncoding = 4; lastKnownFileType = sourcecode.swift; path = RefreshTokenModel.swift; sourceTree = "<group>"; };
		946C10261C89687600431AD7 /* Token.swift */ = {isa = PBXFileReference; fileEncoding = 4; lastKnownFileType = sourcecode.swift; path = Token.swift; sourceTree = "<group>"; };
		947B4C291C8E7EEA0013A6A5 /* PhoneLoginModel.swift */ = {isa = PBXFileReference; fileEncoding = 4; lastKnownFileType = sourcecode.swift; path = PhoneLoginModel.swift; sourceTree = "<group>"; };
		EA977AB4C211406A9291E4B4 /* libPods-iHouse.a */ = {isa = PBXFileReference; explicitFileType = archive.ar; includeInIndex = 0; path = "libPods-iHouse.a"; sourceTree = BUILT_PRODUCTS_DIR; };
/* End PBXFileReference section */

/* Begin PBXFrameworksBuildPhase section */
		9451D2F41C8831D000845D99 /* Frameworks */ = {
			isa = PBXFrameworksBuildPhase;
			buildActionMask = 2147483647;
			files = (
				0E8AF3C6E4587285C30CF6CF /* libPods-iHouse.a in Frameworks */,
			);
			runOnlyForDeploymentPostprocessing = 0;
		};
		9451D3101C8831D100845D99 /* Frameworks */ = {
			isa = PBXFrameworksBuildPhase;
			buildActionMask = 2147483647;
			files = (
			);
			runOnlyForDeploymentPostprocessing = 0;
		};
		9451D31B1C8831D100845D99 /* Frameworks */ = {
			isa = PBXFrameworksBuildPhase;
			buildActionMask = 2147483647;
			files = (
			);
			runOnlyForDeploymentPostprocessing = 0;
		};
/* End PBXFrameworksBuildPhase section */

/* Begin PBXGroup section */
		0A35894A8299BA5666A377ED /* Pods */ = {
			isa = PBXGroup;
			children = (
				06F3EE78A1137D4BE711E20C /* Pods-iHouse.debug.xcconfig */,
				3855E77DDC71794E7CA49B1C /* Pods-iHouse.release.xcconfig */,
			);
			name = Pods;
			sourceTree = "<group>";
		};
		9451D2EE1C8831D000845D99 = {
			isa = PBXGroup;
			children = (
				9451D2F91C8831D000845D99 /* iHouse */,
				9451D3161C8831D100845D99 /* iHouseTests */,
				9451D3211C8831D200845D99 /* iHouseUITests */,
				9451D2F81C8831D000845D99 /* Products */,
				0A35894A8299BA5666A377ED /* Pods */,
				F9084E3D5DF780A406E1C98A /* Frameworks */,
			);
			sourceTree = "<group>";
		};
		9451D2F81C8831D000845D99 /* Products */ = {
			isa = PBXGroup;
			children = (
				9451D2F71C8831D000845D99 /* iHouse.app */,
				9451D3131C8831D100845D99 /* iHouseTests.xctest */,
				9451D31E1C8831D200845D99 /* iHouseUITests.xctest */,
			);
			name = Products;
			sourceTree = "<group>";
		};
		9451D2F91C8831D000845D99 /* iHouse */ = {
			isa = PBXGroup;
			children = (
				946C10001C89357100431AD7 /* iHouse_APILib */,
				9451D35E1C88335E00845D99 /* API */,
				9451D35A1C88335200845D99 /* Tools */,
				9451D3371C88334400845D99 /* Controller */,
				9451D3301C8832EC00845D99 /* Models */,
				9451D2FD1C8831D000845D99 /* AppDelegate.h */,
				9451D2FE1C8831D000845D99 /* AppDelegate.m */,
				9451D3001C8831D000845D99 /* ViewController.h */,
				9451D3011C8831D000845D99 /* ViewController.m */,
				9451D3031C8831D100845D99 /* Main.storyboard */,
				9451D3651C8833A200845D99 /* Header.h */,
				9451D3091C8831D100845D99 /* Assets.xcassets */,
				9451D30B1C8831D100845D99 /* LaunchScreen.storyboard */,
				9451D30E1C8831D100845D99 /* Info.plist */,
				9451D3061C8831D100845D99 /* iHouse.xcdatamodeld */,
				9451D2FA1C8831D000845D99 /* Supporting Files */,
			);
			path = iHouse;
			sourceTree = "<group>";
		};
		9451D2FA1C8831D000845D99 /* Supporting Files */ = {
			isa = PBXGroup;
			children = (
				9451D2FB1C8831D000845D99 /* main.m */,
			);
			name = "Supporting Files";
			sourceTree = "<group>";
		};
		9451D3161C8831D100845D99 /* iHouseTests */ = {
			isa = PBXGroup;
			children = (
				9451D3171C8831D100845D99 /* iHouseTests.m */,
				9451D3191C8831D100845D99 /* Info.plist */,
			);
			path = iHouseTests;
			sourceTree = "<group>";
		};
		9451D3211C8831D200845D99 /* iHouseUITests */ = {
			isa = PBXGroup;
			children = (
				9451D3221C8831D200845D99 /* iHouseUITests.m */,
				9451D3241C8831D200845D99 /* Info.plist */,
			);
			path = iHouseUITests;
			sourceTree = "<group>";
		};
		9451D3301C8832EC00845D99 /* Models */ = {
			isa = PBXGroup;
			children = (
				9451D3341C88333700845D99 /* User.h */,
				9451D3351C88333700845D99 /* User.m */,
				9451D3321C88331600845D99 /* Test.swift */,
				9451D3311C88331600845D99 /* iHouse-Bridging-Header.h */,
				946C101F1C89563900431AD7 /* Command.h */,
				946C10201C89563900431AD7 /* Command.m */,
				946C10221C895D1D00431AD7 /* PostRefreshTokenModel.swift */,
				946C10241C89683500431AD7 /* RefreshTokenModel.swift */,
				946C10261C89687600431AD7 /* Token.swift */,
				940FB2581C8D836E0059755B /* PostPhoneLoginModel.swift */,
				947B4C291C8E7EEA0013A6A5 /* PhoneLoginModel.swift */,
			);
			path = Models;
			sourceTree = "<group>";
		};
		9451D3371C88334400845D99 /* Controller */ = {
			isa = PBXGroup;
			children = (
				9451D3381C88334400845D99 /* BaseVC.h */,
				9451D3391C88334400845D99 /* BaseVC.m */,
				9451D33A1C88334400845D99 /* BaseVC.xib */,
				9451D33B1C88334400845D99 /* GreenPlants */,
				9451D33F1C88334400845D99 /* Home */,
				9451D3431C88334400845D99 /* Login */,
				9451D3441C88334400845D99 /* Payment */,
				9451D3481C88334400845D99 /* Register */,
				9451D3491C88334400845D99 /* RootTabBar.h */,
				9451D34A1C88334400845D99 /* RootTabBar.m */,
				9451D34B1C88334400845D99 /* SettingVC */,
			);
			name = Controller;
			path = ViewControllers;
			sourceTree = "<group>";
		};
		9451D33B1C88334400845D99 /* GreenPlants */ = {
			isa = PBXGroup;
			children = (
				9451D33C1C88334400845D99 /* GreenPlantsVC.h */,
				9451D33D1C88334400845D99 /* GreenPlantsVC.m */,
				9451D33E1C88334400845D99 /* GreenPlantsVC.xib */,
			);
			path = GreenPlants;
			sourceTree = "<group>";
		};
		9451D33F1C88334400845D99 /* Home */ = {
			isa = PBXGroup;
			children = (
				9451D3401C88334400845D99 /* HomeVC.h */,
				9451D3411C88334400845D99 /* HomeVC.m */,
				9451D3421C88334400845D99 /* HomeVC.xib */,
			);
			path = Home;
			sourceTree = "<group>";
		};
		9451D3431C88334400845D99 /* Login */ = {
			isa = PBXGroup;
			children = (
			);
			path = Login;
			sourceTree = "<group>";
		};
		9451D3441C88334400845D99 /* Payment */ = {
			isa = PBXGroup;
			children = (
				9451D3451C88334400845D99 /* PaymentOfLifeVC.h */,
				9451D3461C88334400845D99 /* PaymentOfLifeVC.m */,
				9451D3471C88334400845D99 /* PaymentOfLifeVC.xib */,
			);
			path = Payment;
			sourceTree = "<group>";
		};
		9451D3481C88334400845D99 /* Register */ = {
			isa = PBXGroup;
			children = (
			);
			path = Register;
			sourceTree = "<group>";
		};
		9451D34B1C88334400845D99 /* SettingVC */ = {
			isa = PBXGroup;
			children = (
				9451D34C1C88334400845D99 /* SettingVC.h */,
				9451D34D1C88334400845D99 /* SettingVC.m */,
				9451D34E1C88334400845D99 /* SettingVC.xib */,
			);
			path = SettingVC;
			sourceTree = "<group>";
		};
		9451D35A1C88335200845D99 /* Tools */ = {
			isa = PBXGroup;
			children = (
				9451D3661C88342900845D99 /* StringManager.h */,
				9451D3671C88342900845D99 /* StringManager.m */,
				94667DC11C8C1C0300D6E2B7 /* StringManager.swift */,
			);
			path = Tools;
			sourceTree = "<group>";
		};
		9451D35E1C88335E00845D99 /* API */ = {
			isa = PBXGroup;
			children = (
				9451D3611C88335E00845D99 /* DataBaseManager.h */,
				9451D3621C88335E00845D99 /* DataBaseManager.m */,
				946C0FFA1C89229800431AD7 /* CloudBL.h */,
				946C0FFB1C89229800431AD7 /* CloudBL.m */,
				946C0FFD1C8922BA00431AD7 /* CloudDao.h */,
				946C0FFE1C8922BA00431AD7 /* CloudDao.m */,
			);
			name = API;
			path = NetTools;
			sourceTree = "<group>";
		};
		946C10001C89357100431AD7 /* iHouse_APILib */ = {
			isa = PBXGroup;
			children = (
				946C100A1C8952A300431AD7 /* Utils */,
				946C10011C8935A900431AD7 /* AppNetAPIClient.h */,
				946C10021C8935A900431AD7 /* AppNetAPIClient.m */,
				946C10041C893C4800431AD7 /* iHouse_APILib.h */,
				946C10051C893C4800431AD7 /* iHouse_APILib.m */,
				946C10071C89523400431AD7 /* HeadInfo.h */,
				946C10081C89523400431AD7 /* HeadInfo.m */,
				946C101E1C8955CD00431AD7 /* iHouse_URL.h */,
			);
			path = iHouse_APILib;
			sourceTree = "<group>";
		};
		946C100A1C8952A300431AD7 /* Utils */ = {
			isa = PBXGroup;
			children = (
				946C100B1C8952A300431AD7 /* DBHelper.h */,
				946C100C1C8952A300431AD7 /* DBHelper.m */,
				946C100D1C8952A300431AD7 /* Utils_AppInfo.h */,
				946C100E1C8952A300431AD7 /* Utils_AppInfo.m */,
				946C100F1C8952A300431AD7 /* Utils_DateInfo.h */,
				946C10101C8952A300431AD7 /* Utils_DateInfo.m */,
				946C10111C8952A300431AD7 /* Utils_DeviceInfo.h */,
				946C10121C8952A300431AD7 /* Utils_DeviceInfo.m */,
				946C10131C8952A300431AD7 /* Utils_Header.h */,
				946C10141C8952A300431AD7 /* Utils_Other.h */,
				946C10151C8952A300431AD7 /* Utils_Other.m */,
				946C10161C8952A300431AD7 /* Utils_UserDefaultInfo.h */,
				946C10171C8952A300431AD7 /* Utils_UserDefaultInfo.m */,
				945B1D911C8ECD6B00AE5791 /* Utils_Info.swift */,
			);
			path = Utils;
			sourceTree = "<group>";
		};
		F9084E3D5DF780A406E1C98A /* Frameworks */ = {
			isa = PBXGroup;
			children = (
				EA977AB4C211406A9291E4B4 /* libPods-iHouse.a */,
			);
			name = Frameworks;
			sourceTree = "<group>";
		};
/* End PBXGroup section */

/* Begin PBXNativeTarget section */
		9451D2F61C8831D000845D99 /* iHouse */ = {
			isa = PBXNativeTarget;
			buildConfigurationList = 9451D3271C8831D200845D99 /* Build configuration list for PBXNativeTarget "iHouse" */;
			buildPhases = (
				2E691349C64A93829C60EDEF /* Check Pods Manifest.lock */,
				9451D2F31C8831D000845D99 /* Sources */,
				9451D2F41C8831D000845D99 /* Frameworks */,
				9451D2F51C8831D000845D99 /* Resources */,
				AE1F6F1F44D3397D30ECF752 /* Embed Pods Frameworks */,
				2E00BB1867EFF120D64EB71E /* Copy Pods Resources */,
			);
			buildRules = (
			);
			dependencies = (
			);
			name = iHouse;
			productName = iHouse;
			productReference = 9451D2F71C8831D000845D99 /* iHouse.app */;
			productType = "com.apple.product-type.application";
		};
		9451D3121C8831D100845D99 /* iHouseTests */ = {
			isa = PBXNativeTarget;
			buildConfigurationList = 9451D32A1C8831D200845D99 /* Build configuration list for PBXNativeTarget "iHouseTests" */;
			buildPhases = (
				9451D30F1C8831D100845D99 /* Sources */,
				9451D3101C8831D100845D99 /* Frameworks */,
				9451D3111C8831D100845D99 /* Resources */,
			);
			buildRules = (
			);
			dependencies = (
				9451D3151C8831D100845D99 /* PBXTargetDependency */,
			);
			name = iHouseTests;
			productName = iHouseTests;
			productReference = 9451D3131C8831D100845D99 /* iHouseTests.xctest */;
			productType = "com.apple.product-type.bundle.unit-test";
		};
		9451D31D1C8831D100845D99 /* iHouseUITests */ = {
			isa = PBXNativeTarget;
			buildConfigurationList = 9451D32D1C8831D200845D99 /* Build configuration list for PBXNativeTarget "iHouseUITests" */;
			buildPhases = (
				9451D31A1C8831D100845D99 /* Sources */,
				9451D31B1C8831D100845D99 /* Frameworks */,
				9451D31C1C8831D100845D99 /* Resources */,
			);
			buildRules = (
			);
			dependencies = (
				9451D3201C8831D200845D99 /* PBXTargetDependency */,
			);
			name = iHouseUITests;
			productName = iHouseUITests;
			productReference = 9451D31E1C8831D200845D99 /* iHouseUITests.xctest */;
			productType = "com.apple.product-type.bundle.ui-testing";
		};
/* End PBXNativeTarget section */

/* Begin PBXProject section */
		9451D2EF1C8831D000845D99 /* Project object */ = {
			isa = PBXProject;
			attributes = {
				LastUpgradeCheck = 0720;
				ORGANIZATIONNAME = langyue;
				TargetAttributes = {
					9451D2F61C8831D000845D99 = {
						CreatedOnToolsVersion = 7.2;
					};
					9451D3121C8831D100845D99 = {
						CreatedOnToolsVersion = 7.2;
						TestTargetID = 9451D2F61C8831D000845D99;
					};
					9451D31D1C8831D100845D99 = {
						CreatedOnToolsVersion = 7.2;
						TestTargetID = 9451D2F61C8831D000845D99;
					};
				};
			};
			buildConfigurationList = 9451D2F21C8831D000845D99 /* Build configuration list for PBXProject "iHouse" */;
			compatibilityVersion = "Xcode 3.2";
			developmentRegion = English;
			hasScannedForEncodings = 0;
			knownRegions = (
				en,
				Base,
			);
			mainGroup = 9451D2EE1C8831D000845D99;
			productRefGroup = 9451D2F81C8831D000845D99 /* Products */;
			projectDirPath = "";
			projectRoot = "";
			targets = (
				9451D2F61C8831D000845D99 /* iHouse */,
				9451D3121C8831D100845D99 /* iHouseTests */,
				9451D31D1C8831D100845D99 /* iHouseUITests */,
			);
		};
/* End PBXProject section */

/* Begin PBXResourcesBuildPhase section */
		9451D2F51C8831D000845D99 /* Resources */ = {
			isa = PBXResourcesBuildPhase;
			buildActionMask = 2147483647;
			files = (
				9451D30D1C8831D100845D99 /* LaunchScreen.storyboard in Resources */,
				9451D3541C88334400845D99 /* HomeVC.xib in Resources */,
				9451D30A1C8831D100845D99 /* Assets.xcassets in Resources */,
				9451D3521C88334400845D99 /* GreenPlantsVC.xib in Resources */,
				9451D3561C88334400845D99 /* PaymentOfLifeVC.xib in Resources */,
				9451D3591C88334400845D99 /* SettingVC.xib in Resources */,
				9451D3051C8831D100845D99 /* Main.storyboard in Resources */,
				9451D3501C88334400845D99 /* BaseVC.xib in Resources */,
			);
			runOnlyForDeploymentPostprocessing = 0;
		};
		9451D3111C8831D100845D99 /* Resources */ = {
			isa = PBXResourcesBuildPhase;
			buildActionMask = 2147483647;
			files = (
			);
			runOnlyForDeploymentPostprocessing = 0;
		};
		9451D31C1C8831D100845D99 /* Resources */ = {
			isa = PBXResourcesBuildPhase;
			buildActionMask = 2147483647;
			files = (
			);
			runOnlyForDeploymentPostprocessing = 0;
		};
/* End PBXResourcesBuildPhase section */

/* Begin PBXShellScriptBuildPhase section */
		2E00BB1867EFF120D64EB71E /* Copy Pods Resources */ = {
			isa = PBXShellScriptBuildPhase;
			buildActionMask = 2147483647;
			files = (
			);
			inputPaths = (
			);
			name = "Copy Pods Resources";
			outputPaths = (
			);
			runOnlyForDeploymentPostprocessing = 0;
			shellPath = /bin/sh;
			shellScript = "\"${SRCROOT}/Pods/Target Support Files/Pods-iHouse/Pods-iHouse-resources.sh\"\n";
			showEnvVarsInLog = 0;
		};
		2E691349C64A93829C60EDEF /* Check Pods Manifest.lock */ = {
			isa = PBXShellScriptBuildPhase;
			buildActionMask = 2147483647;
			files = (
			);
			inputPaths = (
			);
			name = "Check Pods Manifest.lock";
			outputPaths = (
			);
			runOnlyForDeploymentPostprocessing = 0;
			shellPath = /bin/sh;
			shellScript = "diff \"${PODS_ROOT}/../Podfile.lock\" \"${PODS_ROOT}/Manifest.lock\" > /dev/null\nif [[ $? != 0 ]] ; then\n    cat << EOM\nerror: The sandbox is not in sync with the Podfile.lock. Run 'pod install' or update your CocoaPods installation.\nEOM\n    exit 1\nfi\n";
			showEnvVarsInLog = 0;
		};
		AE1F6F1F44D3397D30ECF752 /* Embed Pods Frameworks */ = {
			isa = PBXShellScriptBuildPhase;
			buildActionMask = 2147483647;
			files = (
			);
			inputPaths = (
			);
			name = "Embed Pods Frameworks";
			outputPaths = (
			);
			runOnlyForDeploymentPostprocessing = 0;
			shellPath = /bin/sh;
			shellScript = "\"${SRCROOT}/Pods/Target Support Files/Pods-iHouse/Pods-iHouse-frameworks.sh\"\n";
			showEnvVarsInLog = 0;
		};
/* End PBXShellScriptBuildPhase section */

/* Begin PBXSourcesBuildPhase section */
		9451D2F31C8831D000845D99 /* Sources */ = {
			isa = PBXSourcesBuildPhase;
			buildActionMask = 2147483647;
			files = (
				946C101D1C8952A300431AD7 /* Utils_UserDefaultInfo.m in Sources */,
				9451D34F1C88334400845D99 /* BaseVC.m in Sources */,
				9451D3581C88334400845D99 /* SettingVC.m in Sources */,
				947B4C2A1C8E7EEA0013A6A5 /* PhoneLoginModel.swift in Sources */,
				946C10031C8935A900431AD7 /* AppNetAPIClient.m in Sources */,
				946C10231C895D1D00431AD7 /* PostRefreshTokenModel.swift in Sources */,
				945B1D921C8ECD6B00AE5791 /* Utils_Info.swift in Sources */,
				94667DC21C8C1C0300D6E2B7 /* StringManager.swift in Sources */,
				9451D3081C8831D100845D99 /* iHouse.xcdatamodeld in Sources */,
				946C10181C8952A300431AD7 /* DBHelper.m in Sources */,
				9451D3021C8831D000845D99 /* ViewController.m in Sources */,
				946C10251C89683500431AD7 /* RefreshTokenModel.swift in Sources */,
				946C10061C893C4800431AD7 /* iHouse_APILib.m in Sources */,
				9451D3531C88334400845D99 /* HomeVC.m in Sources */,
				9451D3551C88334400845D99 /* PaymentOfLifeVC.m in Sources */,
				9451D3361C88333700845D99 /* User.m in Sources */,
				9451D3331C88331600845D99 /* Test.swift in Sources */,
				946C10091C89523400431AD7 /* HeadInfo.m in Sources */,
				946C101A1C8952A300431AD7 /* Utils_DateInfo.m in Sources */,
				946C0FFC1C89229800431AD7 /* CloudBL.m in Sources */,
				946C10211C89563900431AD7 /* Command.m in Sources */,
				9451D2FF1C8831D000845D99 /* AppDelegate.m in Sources */,
				9451D3511C88334400845D99 /* GreenPlantsVC.m in Sources */,
				946C10271C89687600431AD7 /* Token.swift in Sources */,
				946C101B1C8952A300431AD7 /* Utils_DeviceInfo.m in Sources */,
				946C0FFF1C8922BA00431AD7 /* CloudDao.m in Sources */,
				946C101C1C8952A300431AD7 /* Utils_Other.m in Sources */,
				946C10191C8952A300431AD7 /* Utils_AppInfo.m in Sources */,
				9451D3681C88342900845D99 /* StringManager.m in Sources */,
				9451D3571C88334400845D99 /* RootTabBar.m in Sources */,
				9451D2FC1C8831D000845D99 /* main.m in Sources */,
				940FB2591C8D836E0059755B /* PostPhoneLoginModel.swift in Sources */,
				9451D3641C88335E00845D99 /* DataBaseManager.m in Sources */,
			);
			runOnlyForDeploymentPostprocessing = 0;
		};
		9451D30F1C8831D100845D99 /* Sources */ = {
			isa = PBXSourcesBuildPhase;
			buildActionMask = 2147483647;
			files = (
				9451D3181C8831D100845D99 /* iHouseTests.m in Sources */,
			);
			runOnlyForDeploymentPostprocessing = 0;
		};
		9451D31A1C8831D100845D99 /* Sources */ = {
			isa = PBXSourcesBuildPhase;
			buildActionMask = 2147483647;
			files = (
				9451D3231C8831D200845D99 /* iHouseUITests.m in Sources */,
			);
			runOnlyForDeploymentPostprocessing = 0;
		};
/* End PBXSourcesBuildPhase section */

/* Begin PBXTargetDependency section */
		9451D3151C8831D100845D99 /* PBXTargetDependency */ = {
			isa = PBXTargetDependency;
			target = 9451D2F61C8831D000845D99 /* iHouse */;
			targetProxy = 9451D3141C8831D100845D99 /* PBXContainerItemProxy */;
		};
		9451D3201C8831D200845D99 /* PBXTargetDependency */ = {
			isa = PBXTargetDependency;
			target = 9451D2F61C8831D000845D99 /* iHouse */;
			targetProxy = 9451D31F1C8831D200845D99 /* PBXContainerItemProxy */;
		};
/* End PBXTargetDependency section */

/* Begin PBXVariantGroup section */
		9451D3031C8831D100845D99 /* Main.storyboard */ = {
			isa = PBXVariantGroup;
			children = (
				9451D3041C8831D100845D99 /* Base */,
			);
			name = Main.storyboard;
			sourceTree = "<group>";
		};
		9451D30B1C8831D100845D99 /* LaunchScreen.storyboard */ = {
			isa = PBXVariantGroup;
			children = (
				9451D30C1C8831D100845D99 /* Base */,
			);
			name = LaunchScreen.storyboard;
			sourceTree = "<group>";
		};
/* End PBXVariantGroup section */

/* Begin XCBuildConfiguration section */
		9451D3251C8831D200845D99 /* Debug */ = {
			isa = XCBuildConfiguration;
			buildSettings = {
				ALWAYS_SEARCH_USER_PATHS = NO;
				CLANG_CXX_LANGUAGE_STANDARD = "gnu++0x";
				CLANG_CXX_LIBRARY = "libc++";
				CLANG_ENABLE_MODULES = YES;
				CLANG_ENABLE_OBJC_ARC = YES;
				CLANG_WARN_BOOL_CONVERSION = YES;
				CLANG_WARN_CONSTANT_CONVERSION = YES;
				CLANG_WARN_DIRECT_OBJC_ISA_USAGE = YES_ERROR;
				CLANG_WARN_EMPTY_BODY = YES;
				CLANG_WARN_ENUM_CONVERSION = YES;
				CLANG_WARN_INT_CONVERSION = YES;
				CLANG_WARN_OBJC_ROOT_CLASS = YES_ERROR;
				CLANG_WARN_UNREACHABLE_CODE = YES;
				CLANG_WARN__DUPLICATE_METHOD_MATCH = YES;
				"CODE_SIGN_IDENTITY[sdk=iphoneos*]" = "iPhone Developer";
				COPY_PHASE_STRIP = NO;
				DEBUG_INFORMATION_FORMAT = dwarf;
				ENABLE_STRICT_OBJC_MSGSEND = YES;
				ENABLE_TESTABILITY = YES;
				GCC_C_LANGUAGE_STANDARD = gnu99;
				GCC_DYNAMIC_NO_PIC = NO;
				GCC_NO_COMMON_BLOCKS = YES;
				GCC_OPTIMIZATION_LEVEL = 0;
				GCC_PREPROCESSOR_DEFINITIONS = (
					"DEBUG=1",
					"$(inherited)",
				);
				GCC_WARN_64_TO_32_BIT_CONVERSION = YES;
				GCC_WARN_ABOUT_RETURN_TYPE = YES_ERROR;
				GCC_WARN_UNDECLARED_SELECTOR = YES;
				GCC_WARN_UNINITIALIZED_AUTOS = YES_AGGRESSIVE;
				GCC_WARN_UNUSED_FUNCTION = YES;
				GCC_WARN_UNUSED_VARIABLE = YES;
				IPHONEOS_DEPLOYMENT_TARGET = 9.2;
				MTL_ENABLE_DEBUG_INFO = YES;
				ONLY_ACTIVE_ARCH = YES;
				SDKROOT = iphoneos;
				TARGETED_DEVICE_FAMILY = "1,2";
			};
			name = Debug;
		};
		9451D3261C8831D200845D99 /* Release */ = {
			isa = XCBuildConfiguration;
			buildSettings = {
				ALWAYS_SEARCH_USER_PATHS = NO;
				CLANG_CXX_LANGUAGE_STANDARD = "gnu++0x";
				CLANG_CXX_LIBRARY = "libc++";
				CLANG_ENABLE_MODULES = YES;
				CLANG_ENABLE_OBJC_ARC = YES;
				CLANG_WARN_BOOL_CONVERSION = YES;
				CLANG_WARN_CONSTANT_CONVERSION = YES;
				CLANG_WARN_DIRECT_OBJC_ISA_USAGE = YES_ERROR;
				CLANG_WARN_EMPTY_BODY = YES;
				CLANG_WARN_ENUM_CONVERSION = YES;
				CLANG_WARN_INT_CONVERSION = YES;
				CLANG_WARN_OBJC_ROOT_CLASS = YES_ERROR;
				CLANG_WARN_UNREACHABLE_CODE = YES;
				CLANG_WARN__DUPLICATE_METHOD_MATCH = YES;
				"CODE_SIGN_IDENTITY[sdk=iphoneos*]" = "iPhone Developer";
				COPY_PHASE_STRIP = NO;
				DEBUG_INFORMATION_FORMAT = "dwarf-with-dsym";
				ENABLE_NS_ASSERTIONS = NO;
				ENABLE_STRICT_OBJC_MSGSEND = YES;
				GCC_C_LANGUAGE_STANDARD = gnu99;
				GCC_NO_COMMON_BLOCKS = YES;
				GCC_WARN_64_TO_32_BIT_CONVERSION = YES;
				GCC_WARN_ABOUT_RETURN_TYPE = YES_ERROR;
				GCC_WARN_UNDECLARED_SELECTOR = YES;
				GCC_WARN_UNINITIALIZED_AUTOS = YES_AGGRESSIVE;
				GCC_WARN_UNUSED_FUNCTION = YES;
				GCC_WARN_UNUSED_VARIABLE = YES;
				IPHONEOS_DEPLOYMENT_TARGET = 9.2;
				MTL_ENABLE_DEBUG_INFO = NO;
				SDKROOT = iphoneos;
				TARGETED_DEVICE_FAMILY = "1,2";
				VALIDATE_PRODUCT = YES;
			};
			name = Release;
		};
		9451D3281C8831D200845D99 /* Debug */ = {
			isa = XCBuildConfiguration;
			baseConfigurationReference = 06F3EE78A1137D4BE711E20C /* Pods-iHouse.debug.xcconfig */;
			buildSettings = {
				ASSETCATALOG_COMPILER_APPICON_NAME = AppIcon;
				CLANG_ENABLE_MODULES = YES;
				INFOPLIST_FILE = iHouse/Info.plist;
				LD_RUNPATH_SEARCH_PATHS = "$(inherited) @executable_path/Frameworks";
				PRODUCT_BUNDLE_IDENTIFIER = "LangYue-China.iHouse";
				PRODUCT_NAME = "$(TARGET_NAME)";
				SWIFT_OBJC_BRIDGING_HEADER = "iHouse/Models/iHouse-Bridging-Header.h";
				SWIFT_OPTIMIZATION_LEVEL = "-Onone";
			};
			name = Debug;
		};
		9451D3291C8831D200845D99 /* Release */ = {
			isa = XCBuildConfiguration;
			baseConfigurationReference = 3855E77DDC71794E7CA49B1C /* Pods-iHouse.release.xcconfig */;
			buildSettings = {
				ASSETCATALOG_COMPILER_APPICON_NAME = AppIcon;
				CLANG_ENABLE_MODULES = YES;
				INFOPLIST_FILE = iHouse/Info.plist;
				LD_RUNPATH_SEARCH_PATHS = "$(inherited) @executable_path/Frameworks";
				PRODUCT_BUNDLE_IDENTIFIER = "LangYue-China.iHouse";
				PRODUCT_NAME = "$(TARGET_NAME)";
				SWIFT_OBJC_BRIDGING_HEADER = "iHouse/Models/iHouse-Bridging-Header.h";
			};
			name = Release;
		};
		9451D32B1C8831D200845D99 /* Debug */ = {
			isa = XCBuildConfiguration;
			buildSettings = {
				BUNDLE_LOADER = "$(TEST_HOST)";
				INFOPLIST_FILE = iHouseTests/Info.plist;
				LD_RUNPATH_SEARCH_PATHS = "$(inherited) @executable_path/Frameworks @loader_path/Frameworks";
				PRODUCT_BUNDLE_IDENTIFIER = "LangYue-China.iHouseTests";
				PRODUCT_NAME = "$(TARGET_NAME)";
				TEST_HOST = "$(BUILT_PRODUCTS_DIR)/iHouse.app/iHouse";
			};
			name = Debug;
		};
		9451D32C1C8831D200845D99 /* Release */ = {
			isa = XCBuildConfiguration;
			buildSettings = {
				BUNDLE_LOADER = "$(TEST_HOST)";
				INFOPLIST_FILE = iHouseTests/Info.plist;
				LD_RUNPATH_SEARCH_PATHS = "$(inherited) @executable_path/Frameworks @loader_path/Frameworks";
				PRODUCT_BUNDLE_IDENTIFIER = "LangYue-China.iHouseTests";
				PRODUCT_NAME = "$(TARGET_NAME)";
				TEST_HOST = "$(BUILT_PRODUCTS_DIR)/iHouse.app/iHouse";
			};
			name = Release;
		};
		9451D32E1C8831D200845D99 /* Debug */ = {
			isa = XCBuildConfiguration;
			buildSettings = {
				INFOPLIST_FILE = iHouseUITests/Info.plist;
				LD_RUNPATH_SEARCH_PATHS = "$(inherited) @executable_path/Frameworks @loader_path/Frameworks";
				PRODUCT_BUNDLE_IDENTIFIER = "LangYue-China.iHouseUITests";
				PRODUCT_NAME = "$(TARGET_NAME)";
				TEST_TARGET_NAME = iHouse;
				USES_XCTRUNNER = YES;
			};
			name = Debug;
		};
		9451D32F1C8831D200845D99 /* Release */ = {
			isa = XCBuildConfiguration;
			buildSettings = {
				INFOPLIST_FILE = iHouseUITests/Info.plist;
				LD_RUNPATH_SEARCH_PATHS = "$(inherited) @executable_path/Frameworks @loader_path/Frameworks";
				PRODUCT_BUNDLE_IDENTIFIER = "LangYue-China.iHouseUITests";
				PRODUCT_NAME = "$(TARGET_NAME)";
				TEST_TARGET_NAME = iHouse;
				USES_XCTRUNNER = YES;
			};
			name = Release;
		};
/* End XCBuildConfiguration section */

/* Begin XCConfigurationList section */
		9451D2F21C8831D000845D99 /* Build configuration list for PBXProject "iHouse" */ = {
			isa = XCConfigurationList;
			buildConfigurations = (
				9451D3251C8831D200845D99 /* Debug */,
				9451D3261C8831D200845D99 /* Release */,
			);
			defaultConfigurationIsVisible = 0;
			defaultConfigurationName = Release;
		};
		9451D3271C8831D200845D99 /* Build configuration list for PBXNativeTarget "iHouse" */ = {
			isa = XCConfigurationList;
			buildConfigurations = (
				9451D3281C8831D200845D99 /* Debug */,
				9451D3291C8831D200845D99 /* Release */,
			);
			defaultConfigurationIsVisible = 0;
			defaultConfigurationName = Release;
		};
		9451D32A1C8831D200845D99 /* Build configuration list for PBXNativeTarget "iHouseTests" */ = {
			isa = XCConfigurationList;
			buildConfigurations = (
				9451D32B1C8831D200845D99 /* Debug */,
				9451D32C1C8831D200845D99 /* Release */,
			);
			defaultConfigurationIsVisible = 0;
			defaultConfigurationName = Release;
		};
		9451D32D1C8831D200845D99 /* Build configuration list for PBXNativeTarget "iHouseUITests" */ = {
			isa = XCConfigurationList;
			buildConfigurations = (
				9451D32E1C8831D200845D99 /* Debug */,
				9451D32F1C8831D200845D99 /* Release */,
			);
			defaultConfigurationIsVisible = 0;
			defaultConfigurationName = Release;
		};
/* End XCConfigurationList section */

/* Begin XCVersionGroup section */
		9451D3061C8831D100845D99 /* iHouse.xcdatamodeld */ = {
			isa = XCVersionGroup;
			children = (
				9451D3071C8831D100845D99 /* iHouse.xcdatamodel */,
			);
			currentVersion = 9451D3071C8831D100845D99 /* iHouse.xcdatamodel */;
			path = iHouse.xcdatamodeld;
			sourceTree = "<group>";
			versionGroupType = wrapper.xcdatamodel;
		};
/* End XCVersionGroup section */
	};
	rootObject = 9451D2EF1C8831D000845D99 /* Project object */;
}
